
Microsoft Visual Studio Solution File, Format Version 12.00
# Visual Studio Version 17
VisualStudioVersion = 17.0.31903.59
MinimumVisualStudioVersion = 10.0.40219.1
Project("{FAE04EC0-301F-11D3-BF4B-00C04F79EFBC}") = "HelloCSharp", "HelloCSharp\HelloCSharp.csproj", "{74692F07-6944-4CDF-8211-37B0AFC671E9}"
EndProject
Project("{FAE04EC0-301F-11D3-BF4B-00C04F79EFBC}") = "Variáveis", "Variáveis\Variáveis.csproj", "{B7FD2B24-663E-4E24-BB58-46523E6B28FB}"
EndProject
Project("{FAE04EC0-301F-11D3-BF4B-00C04F79EFBC}") = "InputOutput", "InputOutput\InputOutput.csproj", "{9489256E-5DF9-449F-A8A7-CC423074A3A3}"
EndProject
Project("{FAE04EC0-301F-11D3-BF4B-00C04F79EFBC}") = "Operadores", "Operadores\Operadores.csproj", "{18486EEA-DE4B-4AC1-8890-BE690AF962B3}"
EndProject
Global
	GlobalSection(SolutionConfigurationPlatforms) = preSolution
		Debug|Any CPU = Debug|Any CPU
		Release|Any CPU = Release|Any CPU
	EndGlobalSection
	GlobalSection(SolutionProperties) = preSolution
		HideSolutionNode = FALSE
	EndGlobalSection
	GlobalSection(ProjectConfigurationPlatforms) = postSolution
		{74692F07-6944-4CDF-8211-37B0AFC671E9}.Debug|Any CPU.ActiveCfg = Debug|Any CPU
		{74692F07-6944-4CDF-8211-37B0AFC671E9}.Debug|Any CPU.Build.0 = Debug|Any CPU
		{74692F07-6944-4CDF-8211-37B0AFC671E9}.Release|Any CPU.ActiveCfg = Release|Any CPU
		{74692F07-6944-4CDF-8211-37B0AFC671E9}.Release|Any CPU.Build.0 = Release|Any CPU
		{B7FD2B24-663E-4E24-BB58-46523E6B28FB}.Debug|Any CPU.ActiveCfg = Debug|Any CPU
		{B7FD2B24-663E-4E24-BB58-46523E6B28FB}.Debug|Any CPU.Build.0 = Debug|Any CPU
		{B7FD2B24-663E-4E24-BB58-46523E6B28FB}.Release|Any CPU.ActiveCfg = Release|Any CPU
		{B7FD2B24-663E-4E24-BB58-46523E6B28FB}.Release|Any CPU.Build.0 = Release|Any CPU
		{9489256E-5DF9-449F-A8A7-CC423074A3A3}.Debug|Any CPU.ActiveCfg = Debug|Any CPU
		{9489256E-5DF9-449F-A8A7-CC423074A3A3}.Debug|Any CPU.Build.0 = Debug|Any CPU
		{9489256E-5DF9-449F-A8A7-CC423074A3A3}.Release|Any CPU.ActiveCfg = Release|Any CPU
		{9489256E-5DF9-449F-A8A7-CC423074A3A3}.Release|Any CPU.Build.0 = Release|Any CPU
		{18486EEA-DE4B-4AC1-8890-BE690AF962B3}.Debug|Any CPU.ActiveCfg = Debug|Any CPU
		{18486EEA-DE4B-4AC1-8890-BE690AF962B3}.Debug|Any CPU.Build.0 = Debug|Any CPU
		{18486EEA-DE4B-4AC1-8890-BE690AF962B3}.Release|Any CPU.ActiveCfg = Release|Any CPU
		{18486EEA-DE4B-4AC1-8890-BE690AF962B3}.Release|Any CPU.Build.0 = Release|Any CPU
	EndGlobalSection
EndGlobal
